
Microsoft Visual Studio Solution File, Format Version 12.00
# Visual Studio Version 17
VisualStudioVersion = 17.0.31903.59
MinimumVisualStudioVersion = 10.0.40219.1
Project("{2150E333-8FDC-42A3-9474-1A3956D46DE8}") = "src", "src", "{5499260B-17A1-42F3-99F2-4B2F5E1C112F}"
	ProjectSection(SolutionItems) = preProject
		docker-compose.yml = docker-compose.yml
	EndProjectSection
EndProject
Project("{9A19103F-16F7-4668-BE54-9A1E7A4F7556}") = "AuctionService", "src\AuctionService\AuctionService.csproj", "{E4E7ABB0-BFB6-4210-8417-9BAF5273298F}"
EndProject
Project("{9A19103F-16F7-4668-BE54-9A1E7A4F7556}") = "SearchService", "src\SearchService\SearchService.csproj", "{444ABCF9-033B-4746-BE63-5BA5C9AAD452}"
EndProject
Project("{9A19103F-16F7-4668-BE54-9A1E7A4F7556}") = "Contracts", "src\Contracts\Contracts.csproj", "{85D0D3A2-9810-4E39-B9B6-5D77244D2CA1}"
EndProject
Project("{9A19103F-16F7-4668-BE54-9A1E7A4F7556}") = "IdentityService", "src\IdentityService\IdentityService.csproj", "{A3F65B57-011D-4F35-AE66-84D3C6378DF9}"
EndProject
Project("{9A19103F-16F7-4668-BE54-9A1E7A4F7556}") = "GatewayService", "src\GatewayService\GatewayService.csproj", "{C2CB42DA-FD3E-4B5C-82AE-9DD6FA29C08B}"
EndProject
Project("{2150E333-8FDC-42A3-9474-1A3956D46DE8}") = "Solution Items", "Solution Items", "{B46023D9-77C5-48CE-B210-0DA7C7159C43}"
	ProjectSection(SolutionItems) = preProject
		docker-compose.yml = docker-compose.yml
	EndProjectSection
EndProject
Project("{2150E333-8FDC-42A3-9474-1A3956D46DE8}") = "tests", "tests", "{948960F4-069D-4B98-B1DC-85E67B135D79}"
EndProject
Project("{9A19103F-16F7-4668-BE54-9A1E7A4F7556}") = "AuctionService.UnitTests", "tests\AuctionService.UnitTests\AuctionService.UnitTests.csproj", "{5E986DBB-93AE-4F4B-9022-C825367BAD35}"
EndProject
Project("{9A19103F-16F7-4668-BE54-9A1E7A4F7556}") = "AuctionService.IntegrationTests", "tests\AuctionService.IntegrationTests\AuctionService.IntegrationTests.csproj", "{7189DF90-C71A-43C2-9445-3AEE90636CC7}"
EndProject
Project("{FAE04EC0-301F-11D3-BF4B-00C04F79EFBC}") = "BiddingService", "src\BiddingService\BiddingService.csproj", "{27B781D3-A88F-4EDC-9C35-CE15225C7839}"
EndProject
Global
	GlobalSection(SolutionConfigurationPlatforms) = preSolution
		Debug|Any CPU = Debug|Any CPU
		Debug|x64 = Debug|x64
		Debug|x86 = Debug|x86
		Release|Any CPU = Release|Any CPU
		Release|x64 = Release|x64
		Release|x86 = Release|x86
	EndGlobalSection
	GlobalSection(ProjectConfigurationPlatforms) = postSolution
		{E4E7ABB0-BFB6-4210-8417-9BAF5273298F}.Debug|Any CPU.ActiveCfg = Debug|Any CPU
		{E4E7ABB0-BFB6-4210-8417-9BAF5273298F}.Debug|Any CPU.Build.0 = Debug|Any CPU
		{E4E7ABB0-BFB6-4210-8417-9BAF5273298F}.Debug|x64.ActiveCfg = Debug|Any CPU
		{E4E7ABB0-BFB6-4210-8417-9BAF5273298F}.Debug|x64.Build.0 = Debug|Any CPU
		{E4E7ABB0-BFB6-4210-8417-9BAF5273298F}.Debug|x86.ActiveCfg = Debug|Any CPU
		{E4E7ABB0-BFB6-4210-8417-9BAF5273298F}.Debug|x86.Build.0 = Debug|Any CPU
		{E4E7ABB0-BFB6-4210-8417-9BAF5273298F}.Release|Any CPU.ActiveCfg = Release|Any CPU
		{E4E7ABB0-BFB6-4210-8417-9BAF5273298F}.Release|Any CPU.Build.0 = Release|Any CPU
		{E4E7ABB0-BFB6-4210-8417-9BAF5273298F}.Release|x64.ActiveCfg = Release|Any CPU
		{E4E7ABB0-BFB6-4210-8417-9BAF5273298F}.Release|x64.Build.0 = Release|Any CPU
		{E4E7ABB0-BFB6-4210-8417-9BAF5273298F}.Release|x86.ActiveCfg = Release|Any CPU
		{E4E7ABB0-BFB6-4210-8417-9BAF5273298F}.Release|x86.Build.0 = Release|Any CPU
		{444ABCF9-033B-4746-BE63-5BA5C9AAD452}.Debug|Any CPU.ActiveCfg = Debug|Any CPU
		{444ABCF9-033B-4746-BE63-5BA5C9AAD452}.Debug|Any CPU.Build.0 = Debug|Any CPU
		{444ABCF9-033B-4746-BE63-5BA5C9AAD452}.Debug|x64.ActiveCfg = Debug|Any CPU
		{444ABCF9-033B-4746-BE63-5BA5C9AAD452}.Debug|x64.Build.0 = Debug|Any CPU
		{444ABCF9-033B-4746-BE63-5BA5C9AAD452}.Debug|x86.ActiveCfg = Debug|Any CPU
		{444ABCF9-033B-4746-BE63-5BA5C9AAD452}.Debug|x86.Build.0 = Debug|Any CPU
		{444ABCF9-033B-4746-BE63-5BA5C9AAD452}.Release|Any CPU.ActiveCfg = Release|Any CPU
		{444ABCF9-033B-4746-BE63-5BA5C9AAD452}.Release|Any CPU.Build.0 = Release|Any CPU
		{444ABCF9-033B-4746-BE63-5BA5C9AAD452}.Release|x64.ActiveCfg = Release|Any CPU
		{444ABCF9-033B-4746-BE63-5BA5C9AAD452}.Release|x64.Build.0 = Release|Any CPU
		{444ABCF9-033B-4746-BE63-5BA5C9AAD452}.Release|x86.ActiveCfg = Release|Any CPU
		{444ABCF9-033B-4746-BE63-5BA5C9AAD452}.Release|x86.Build.0 = Release|Any CPU
		{85D0D3A2-9810-4E39-B9B6-5D77244D2CA1}.Debug|Any CPU.ActiveCfg = Debug|Any CPU
		{85D0D3A2-9810-4E39-B9B6-5D77244D2CA1}.Debug|Any CPU.Build.0 = Debug|Any CPU
		{85D0D3A2-9810-4E39-B9B6-5D77244D2CA1}.Debug|x64.ActiveCfg = Debug|Any CPU
		{85D0D3A2-9810-4E39-B9B6-5D77244D2CA1}.Debug|x64.Build.0 = Debug|Any CPU
		{85D0D3A2-9810-4E39-B9B6-5D77244D2CA1}.Debug|x86.ActiveCfg = Debug|Any CPU
		{85D0D3A2-9810-4E39-B9B6-5D77244D2CA1}.Debug|x86.Build.0 = Debug|Any CPU
		{85D0D3A2-9810-4E39-B9B6-5D77244D2CA1}.Release|Any CPU.ActiveCfg = Release|Any CPU
		{85D0D3A2-9810-4E39-B9B6-5D77244D2CA1}.Release|Any CPU.Build.0 = Release|Any CPU
		{85D0D3A2-9810-4E39-B9B6-5D77244D2CA1}.Release|x64.ActiveCfg = Release|Any CPU
		{85D0D3A2-9810-4E39-B9B6-5D77244D2CA1}.Release|x64.Build.0 = Release|Any CPU
		{85D0D3A2-9810-4E39-B9B6-5D77244D2CA1}.Release|x86.ActiveCfg = Release|Any CPU
		{85D0D3A2-9810-4E39-B9B6-5D77244D2CA1}.Release|x86.Build.0 = Release|Any CPU
		{A3F65B57-011D-4F35-AE66-84D3C6378DF9}.Debug|Any CPU.ActiveCfg = Debug|Any CPU
		{A3F65B57-011D-4F35-AE66-84D3C6378DF9}.Debug|Any CPU.Build.0 = Debug|Any CPU
		{A3F65B57-011D-4F35-AE66-84D3C6378DF9}.Debug|x64.ActiveCfg = Debug|Any CPU
		{A3F65B57-011D-4F35-AE66-84D3C6378DF9}.Debug|x64.Build.0 = Debug|Any CPU
		{A3F65B57-011D-4F35-AE66-84D3C6378DF9}.Debug|x86.ActiveCfg = Debug|Any CPU
		{A3F65B57-011D-4F35-AE66-84D3C6378DF9}.Debug|x86.Build.0 = Debug|Any CPU
		{A3F65B57-011D-4F35-AE66-84D3C6378DF9}.Release|Any CPU.ActiveCfg = Release|Any CPU
		{A3F65B57-011D-4F35-AE66-84D3C6378DF9}.Release|Any CPU.Build.0 = Release|Any CPU
		{A3F65B57-011D-4F35-AE66-84D3C6378DF9}.Release|x64.ActiveCfg = Release|Any CPU
		{A3F65B57-011D-4F35-AE66-84D3C6378DF9}.Release|x64.Build.0 = Release|Any CPU
		{A3F65B57-011D-4F35-AE66-84D3C6378DF9}.Release|x86.ActiveCfg = Release|Any CPU
		{A3F65B57-011D-4F35-AE66-84D3C6378DF9}.Release|x86.Build.0 = Release|Any CPU
		{C2CB42DA-FD3E-4B5C-82AE-9DD6FA29C08B}.Debug|Any CPU.ActiveCfg = Debug|Any CPU
		{C2CB42DA-FD3E-4B5C-82AE-9DD6FA29C08B}.Debug|Any CPU.Build.0 = Debug|Any CPU
		{C2CB42DA-FD3E-4B5C-82AE-9DD6FA29C08B}.Debug|x64.ActiveCfg = Debug|Any CPU
		{C2CB42DA-FD3E-4B5C-82AE-9DD6FA29C08B}.Debug|x64.Build.0 = Debug|Any CPU
		{C2CB42DA-FD3E-4B5C-82AE-9DD6FA29C08B}.Debug|x86.ActiveCfg = Debug|Any CPU
		{C2CB42DA-FD3E-4B5C-82AE-9DD6FA29C08B}.Debug|x86.Build.0 = Debug|Any CPU
		{C2CB42DA-FD3E-4B5C-82AE-9DD6FA29C08B}.Release|Any CPU.ActiveCfg = Release|Any CPU
		{C2CB42DA-FD3E-4B5C-82AE-9DD6FA29C08B}.Release|Any CPU.Build.0 = Release|Any CPU
		{C2CB42DA-FD3E-4B5C-82AE-9DD6FA29C08B}.Release|x64.ActiveCfg = Release|Any CPU
		{C2CB42DA-FD3E-4B5C-82AE-9DD6FA29C08B}.Release|x64.Build.0 = Release|Any CPU
		{C2CB42DA-FD3E-4B5C-82AE-9DD6FA29C08B}.Release|x86.ActiveCfg = Release|Any CPU
		{C2CB42DA-FD3E-4B5C-82AE-9DD6FA29C08B}.Release|x86.Build.0 = Release|Any CPU
		{5E986DBB-93AE-4F4B-9022-C825367BAD35}.Debug|Any CPU.ActiveCfg = Debug|Any CPU
		{5E986DBB-93AE-4F4B-9022-C825367BAD35}.Debug|Any CPU.Build.0 = Debug|Any CPU
		{5E986DBB-93AE-4F4B-9022-C825367BAD35}.Debug|x64.ActiveCfg = Debug|Any CPU
		{5E986DBB-93AE-4F4B-9022-C825367BAD35}.Debug|x64.Build.0 = Debug|Any CPU
		{5E986DBB-93AE-4F4B-9022-C825367BAD35}.Debug|x86.ActiveCfg = Debug|Any CPU
		{5E986DBB-93AE-4F4B-9022-C825367BAD35}.Debug|x86.Build.0 = Debug|Any CPU
		{5E986DBB-93AE-4F4B-9022-C825367BAD35}.Release|Any CPU.ActiveCfg = Release|Any CPU
		{5E986DBB-93AE-4F4B-9022-C825367BAD35}.Release|Any CPU.Build.0 = Release|Any CPU
		{5E986DBB-93AE-4F4B-9022-C825367BAD35}.Release|x64.ActiveCfg = Release|Any CPU
		{5E986DBB-93AE-4F4B-9022-C825367BAD35}.Release|x64.Build.0 = Release|Any CPU
		{5E986DBB-93AE-4F4B-9022-C825367BAD35}.Release|x86.ActiveCfg = Release|Any CPU
		{5E986DBB-93AE-4F4B-9022-C825367BAD35}.Release|x86.Build.0 = Release|Any CPU
		{7189DF90-C71A-43C2-9445-3AEE90636CC7}.Debug|Any CPU.ActiveCfg = Debug|Any CPU
		{7189DF90-C71A-43C2-9445-3AEE90636CC7}.Debug|Any CPU.Build.0 = Debug|Any CPU
		{7189DF90-C71A-43C2-9445-3AEE90636CC7}.Debug|x64.ActiveCfg = Debug|Any CPU
		{7189DF90-C71A-43C2-9445-3AEE90636CC7}.Debug|x64.Build.0 = Debug|Any CPU
		{7189DF90-C71A-43C2-9445-3AEE90636CC7}.Debug|x86.ActiveCfg = Debug|Any CPU
		{7189DF90-C71A-43C2-9445-3AEE90636CC7}.Debug|x86.Build.0 = Debug|Any CPU
		{7189DF90-C71A-43C2-9445-3AEE90636CC7}.Release|Any CPU.ActiveCfg = Release|Any CPU
		{7189DF90-C71A-43C2-9445-3AEE90636CC7}.Release|Any CPU.Build.0 = Release|Any CPU
		{7189DF90-C71A-43C2-9445-3AEE90636CC7}.Release|x64.ActiveCfg = Release|Any CPU
		{7189DF90-C71A-43C2-9445-3AEE90636CC7}.Release|x64.Build.0 = Release|Any CPU
		{7189DF90-C71A-43C2-9445-3AEE90636CC7}.Release|x86.ActiveCfg = Release|Any CPU
		{7189DF90-C71A-43C2-9445-3AEE90636CC7}.Release|x86.Build.0 = Release|Any CPU
		{27B781D3-A88F-4EDC-9C35-CE15225C7839}.Debug|Any CPU.ActiveCfg = Debug|Any CPU
		{27B781D3-A88F-4EDC-9C35-CE15225C7839}.Debug|Any CPU.Build.0 = Debug|Any CPU
		{27B781D3-A88F-4EDC-9C35-CE15225C7839}.Debug|x64.ActiveCfg = Debug|Any CPU
		{27B781D3-A88F-4EDC-9C35-CE15225C7839}.Debug|x64.Build.0 = Debug|Any CPU
		{27B781D3-A88F-4EDC-9C35-CE15225C7839}.Debug|x86.ActiveCfg = Debug|Any CPU
		{27B781D3-A88F-4EDC-9C35-CE15225C7839}.Debug|x86.Build.0 = Debug|Any CPU
		{27B781D3-A88F-4EDC-9C35-CE15225C7839}.Release|Any CPU.ActiveCfg = Release|Any CPU
		{27B781D3-A88F-4EDC-9C35-CE15225C7839}.Release|Any CPU.Build.0 = Release|Any CPU
		{27B781D3-A88F-4EDC-9C35-CE15225C7839}.Release|x64.ActiveCfg = Release|Any CPU
		{27B781D3-A88F-4EDC-9C35-CE15225C7839}.Release|x64.Build.0 = Release|Any CPU
		{27B781D3-A88F-4EDC-9C35-CE15225C7839}.Release|x86.ActiveCfg = Release|Any CPU
		{27B781D3-A88F-4EDC-9C35-CE15225C7839}.Release|x86.Build.0 = Release|Any CPU
	EndGlobalSection
	GlobalSection(SolutionProperties) = preSolution
		HideSolutionNode = FALSE
	EndGlobalSection
	GlobalSection(NestedProjects) = preSolution
		{E4E7ABB0-BFB6-4210-8417-9BAF5273298F} = {5499260B-17A1-42F3-99F2-4B2F5E1C112F}
		{444ABCF9-033B-4746-BE63-5BA5C9AAD452} = {5499260B-17A1-42F3-99F2-4B2F5E1C112F}
		{85D0D3A2-9810-4E39-B9B6-5D77244D2CA1} = {5499260B-17A1-42F3-99F2-4B2F5E1C112F}
		{A3F65B57-011D-4F35-AE66-84D3C6378DF9} = {5499260B-17A1-42F3-99F2-4B2F5E1C112F}
		{C2CB42DA-FD3E-4B5C-82AE-9DD6FA29C08B} = {5499260B-17A1-42F3-99F2-4B2F5E1C112F}
		{5E986DBB-93AE-4F4B-9022-C825367BAD35} = {948960F4-069D-4B98-B1DC-85E67B135D79}
		{7189DF90-C71A-43C2-9445-3AEE90636CC7} = {948960F4-069D-4B98-B1DC-85E67B135D79}
		{27B781D3-A88F-4EDC-9C35-CE15225C7839} = {5499260B-17A1-42F3-99F2-4B2F5E1C112F}
	EndGlobalSection
	GlobalSection(ExtensibilityGlobals) = postSolution
		SolutionGuid = {C8F1D6AA-AB67-4E09-9817-4A2B9025D99D}
	EndGlobalSection
EndGlobal
