
Microsoft Visual Studio Solution File, Format Version 12.00
# Visual Studio Version 17
VisualStudioVersion = 17.0.31903.59
MinimumVisualStudioVersion = 10.0.40219.1
Project("{2150E333-8FDC-42A3-9474-1A3956D46DE8}") = "src", "src", "{5499260B-17A1-42F3-99F2-4B2F5E1C112F}"
	ProjectSection(SolutionItems) = preProject
		docker-compose.yml = docker-compose.yml
	EndProjectSection
EndProject
Project("{9A19103F-16F7-4668-BE54-9A1E7A4F7556}") = "AuctionService", "src\AuctionService\AuctionService.csproj", "{E4E7ABB0-BFB6-4210-8417-9BAF5273298F}"
EndProject
Project("{9A19103F-16F7-4668-BE54-9A1E7A4F7556}") = "SearchService", "src\SearchService\SearchService.csproj", "{444ABCF9-033B-4746-BE63-5BA5C9AAD452}"
EndProject
Project("{FAE04EC0-301F-11D3-BF4B-00C04F79EFBC}") = "Contracts", "src\Contracts\Contracts.csproj", "{85D0D3A2-9810-4E39-B9B6-5D77244D2CA1}"
EndProject
Global
	GlobalSection(SolutionConfigurationPlatforms) = preSolution
		Debug|Any CPU = Debug|Any CPU
		Release|Any CPU = Release|Any CPU
	EndGlobalSection
	GlobalSection(ProjectConfigurationPlatforms) = postSolution
		{E4E7ABB0-BFB6-4210-8417-9BAF5273298F}.Debug|Any CPU.ActiveCfg = Debug|Any CPU
		{E4E7ABB0-BFB6-4210-8417-9BAF5273298F}.Debug|Any CPU.Build.0 = Debug|Any CPU
		{E4E7ABB0-BFB6-4210-8417-9BAF5273298F}.Release|Any CPU.ActiveCfg = Release|Any CPU
		{E4E7ABB0-BFB6-4210-8417-9BAF5273298F}.Release|Any CPU.Build.0 = Release|Any CPU
		{444ABCF9-033B-4746-BE63-5BA5C9AAD452}.Debug|Any CPU.ActiveCfg = Debug|Any CPU
		{444ABCF9-033B-4746-BE63-5BA5C9AAD452}.Debug|Any CPU.Build.0 = Debug|Any CPU
		{444ABCF9-033B-4746-BE63-5BA5C9AAD452}.Release|Any CPU.ActiveCfg = Release|Any CPU
		{444ABCF9-033B-4746-BE63-5BA5C9AAD452}.Release|Any CPU.Build.0 = Release|Any CPU
		{85D0D3A2-9810-4E39-B9B6-5D77244D2CA1}.Debug|Any CPU.ActiveCfg = Debug|Any CPU
		{85D0D3A2-9810-4E39-B9B6-5D77244D2CA1}.Debug|Any CPU.Build.0 = Debug|Any CPU
		{85D0D3A2-9810-4E39-B9B6-5D77244D2CA1}.Release|Any CPU.ActiveCfg = Release|Any CPU
		{85D0D3A2-9810-4E39-B9B6-5D77244D2CA1}.Release|Any CPU.Build.0 = Release|Any CPU
	EndGlobalSection
	GlobalSection(SolutionProperties) = preSolution
		HideSolutionNode = FALSE
	EndGlobalSection
	GlobalSection(NestedProjects) = preSolution
		{E4E7ABB0-BFB6-4210-8417-9BAF5273298F} = {5499260B-17A1-42F3-99F2-4B2F5E1C112F}
		{444ABCF9-033B-4746-BE63-5BA5C9AAD452} = {5499260B-17A1-42F3-99F2-4B2F5E1C112F}
		{85D0D3A2-9810-4E39-B9B6-5D77244D2CA1} = {5499260B-17A1-42F3-99F2-4B2F5E1C112F}
	EndGlobalSection
	GlobalSection(ExtensibilityGlobals) = postSolution
		SolutionGuid = {C8F1D6AA-AB67-4E09-9817-4A2B9025D99D}
	EndGlobalSection
EndGlobal
